PODS:
  - AFNetworking (3.0.4):
    - AFNetworking/NSURLSession (= 3.0.4)
    - AFNetworking/Reachability (= 3.0.4)
    - AFNetworking/Security (= 3.0.4)
    - AFNetworking/Serialization (= 3.0.4)
    - AFNetworking/UIKit (= 3.0.4)
  - AFNetworking/NSURLSession (3.0.4):
    - AFNetworking/Reachability
    - AFNetworking/Security
    - AFNetworking/Serialization
  - AFNetworking/Reachability (3.0.4)
  - AFNetworking/Security (3.0.4)
  - AFNetworking/Serialization (3.0.4)
  - AFNetworking/UIKit (3.0.4):
    - AFNetworking/NSURLSession
  - CircleProgressBar (0.22)
  - CocoaLumberjack (2.2.0):
    - CocoaLumberjack/Default (= 2.2.0)
    - CocoaLumberjack/Extensions (= 2.2.0)
  - CocoaLumberjack/Core (2.2.0)
  - CocoaLumberjack/Default (2.2.0):
    - CocoaLumberjack/Core
  - CocoaLumberjack/Extensions (2.2.0):
    - CocoaLumberjack/Default
  - JTSImageViewController (1.5.1)
  - Masonry (0.6.4)
  - SDWebImage (3.7.3):
    - SDWebImage/Core (= 3.7.3)
  - SDWebImage/Core (3.7.3)
  - YapDatabase (2.7.7):
    - YapDatabase/standard (= 2.7.7)
  - YapDatabase/standard (2.7.7):
    - CocoaLumberjack (~> 2)

DEPENDENCIES:
  - AFNetworking (~> 3.0)
  - CircleProgressBar (~> 0.3)
  - JTSImageViewController (~> 1.0)
  - Masonry (~> 0.0)
  - SDWebImage (~> 3.0)
  - YapDatabase (~> 2.0)

SPEC CHECKSUMS:
  AFNetworking: a0075feb321559dc78d9d85b55d11caa19eabb93
  CircleProgressBar: bb6418f9a5121f64c5784b9a72e34f353727266c
  CocoaLumberjack: 17fe8581f84914d5d7e6360f7c70022b173c3ae0
  JTSImageViewController: 1f8ce1cc93dab0d0af8e53badeea7528560cfec9
  Masonry: 281802d04d787ea2973179ee8bcb50500579ede2
  SDWebImage: 1d2b1a1efda1ade1b00b6f8498865f8ddedc8a84
  YapDatabase: a7a1ae3e0f89c319e3b22615c2351987fbbdbded

COCOAPODS: 0.39.0
